
Microsoft Visual Studio Solution File, Format Version 12.00
# Visual Studio Version 16
VisualStudioVersion = 16.0.30611.23
MinimumVisualStudioVersion = 10.0.40219.1
Project("{FAE04EC0-301F-11D3-BF4B-00C04F79EFBC}") = "DocumentValidator", "DocumentValidator\DocumentValidator.csproj", "{3C968B5E-57C0-41B9-B4B0-9423270816DE}"
EndProject
Global
	GlobalSection(SolutionConfigurationPlatforms) = preSolution
		Debug|Any CPU = Debug|Any CPU
		Release|Any CPU = Release|Any CPU
	EndGlobalSection
	GlobalSection(ProjectConfigurationPlatforms) = postSolution
		{3C968B5E-57C0-41B9-B4B0-9423270816DE}.Debug|Any CPU.ActiveCfg = Debug|Any CPU
		{3C968B5E-57C0-41B9-B4B0-9423270816DE}.Debug|Any CPU.Build.0 = Debug|Any CPU
		{3C968B5E-57C0-41B9-B4B0-9423270816DE}.Release|Any CPU.ActiveCfg = Release|Any CPU
		{3C968B5E-57C0-41B9-B4B0-9423270816DE}.Release|Any CPU.Build.0 = Release|Any CPU
	EndGlobalSection
	GlobalSection(SolutionProperties) = preSolution
		HideSolutionNode = FALSE
	EndGlobalSection
	GlobalSection(ExtensibilityGlobals) = postSolution
		SolutionGuid = {1BCAF16C-301E-4660-959C-5F2271A59A7F}
	EndGlobalSection
EndGlobal
